// !$*UTF8*$!
{
	archiveVersion = 1;
	classes = {
	};
	objectVersion = 46;
	objects = {

/* Begin PBXBuildFile section */
		7E15EB491CEEE54300EC1634 /* main.m in Sources */ = {isa = PBXBuildFile; fileRef = 7E15EB481CEEE54300EC1634 /* main.m */; };
		7E15EB4C1CEEE54300EC1634 /* AppDelegate.m in Sources */ = {isa = PBXBuildFile; fileRef = 7E15EB4B1CEEE54300EC1634 /* AppDelegate.m */; };
		7E15EB4F1CEEE54300EC1634 /* RootViewController.m in Sources */ = {isa = PBXBuildFile; fileRef = 7E15EB4E1CEEE54300EC1634 /* RootViewController.m */; };
		7E15EB541CEEE54300EC1634 /* Assets.xcassets in Resources */ = {isa = PBXBuildFile; fileRef = 7E15EB531CEEE54300EC1634 /* Assets.xcassets */; };
		7E15EB571CEEE54300EC1634 /* LaunchScreen.storyboard in Resources */ = {isa = PBXBuildFile; fileRef = 7E15EB551CEEE54300EC1634 /* LaunchScreen.storyboard */; };
		7E15EB871CEF09FC00EC1634 /* libTLUIFoundation.a in Frameworks */ = {isa = PBXBuildFile; fileRef = 7E15EB861CEF09FC00EC1634 /* libTLUIFoundation.a */; };
		DD8C90EDCB82EAACD72F641F /* libPods-TLContrlPageTabStrip.a in Frameworks */ = {isa = PBXBuildFile; fileRef = F368036B40730F20E466505E /* libPods-TLContrlPageTabStrip.a */; };
/* End PBXBuildFile section */

/* Begin PBXFileReference section */
		6F85B7590939580CDAA13293 /* Pods-TLContrlPageTabStrip.debug.xcconfig */ = {isa = PBXFileReference; includeInIndex = 1; lastKnownFileType = text.xcconfig; name = "Pods-TLContrlPageTabStrip.debug.xcconfig"; path = "../Pods/Target Support Files/Pods-TLContrlPageTabStrip/Pods-TLContrlPageTabStrip.debug.xcconfig"; sourceTree = "<group>"; };
		7E15EB441CEEE54300EC1634 /* TLContrlPageTabStrip.app */ = {isa = PBXFileReference; explicitFileType = wrapper.application; includeInIndex = 0; path = TLContrlPageTabStrip.app; sourceTree = BUILT_PRODUCTS_DIR; };
		7E15EB481CEEE54300EC1634 /* main.m */ = {isa = PBXFileReference; lastKnownFileType = sourcecode.c.objc; path = main.m; sourceTree = "<group>"; };
		7E15EB4A1CEEE54300EC1634 /* AppDelegate.h */ = {isa = PBXFileReference; lastKnownFileType = sourcecode.c.h; path = AppDelegate.h; sourceTree = "<group>"; };
		7E15EB4B1CEEE54300EC1634 /* AppDelegate.m */ = {isa = PBXFileReference; lastKnownFileType = sourcecode.c.objc; path = AppDelegate.m; sourceTree = "<group>"; };
		7E15EB4D1CEEE54300EC1634 /* RootViewController.h */ = {isa = PBXFileReference; lastKnownFileType = sourcecode.c.h; path = RootViewController.h; sourceTree = "<group>"; };
		7E15EB4E1CEEE54300EC1634 /* RootViewController.m */ = {isa = PBXFileReference; lastKnownFileType = sourcecode.c.objc; path = RootViewController.m; sourceTree = "<group>"; };
		7E15EB531CEEE54300EC1634 /* Assets.xcassets */ = {isa = PBXFileReference; lastKnownFileType = folder.assetcatalog; path = Assets.xcassets; sourceTree = "<group>"; };
		7E15EB561CEEE54300EC1634 /* Base */ = {isa = PBXFileReference; lastKnownFileType = file.storyboard; name = Base; path = Base.lproj/LaunchScreen.storyboard; sourceTree = "<group>"; };
		7E15EB581CEEE54300EC1634 /* Info.plist */ = {isa = PBXFileReference; lastKnownFileType = text.plist.xml; path = Info.plist; sourceTree = "<group>"; };
		7E15EB861CEF09FC00EC1634 /* libTLUIFoundation.a */ = {isa = PBXFileReference; lastKnownFileType = archive.ar; name = libTLUIFoundation.a; path = "../Build/Products/Debug-iphonesimulator/libTLUIFoundation.a"; sourceTree = "<group>"; };
		F368036B40730F20E466505E /* libPods-TLContrlPageTabStrip.a */ = {isa = PBXFileReference; explicitFileType = archive.ar; includeInIndex = 0; path = "libPods-TLContrlPageTabStrip.a"; sourceTree = BUILT_PRODUCTS_DIR; };
		F971A6899DDB1DF01E703FC4 /* Pods-TLContrlPageTabStrip.release.xcconfig */ = {isa = PBXFileReference; includeInIndex = 1; lastKnownFileType = text.xcconfig; name = "Pods-TLContrlPageTabStrip.release.xcconfig"; path = "../Pods/Target Support Files/Pods-TLContrlPageTabStrip/Pods-TLContrlPageTabStrip.release.xcconfig"; sourceTree = "<group>"; };
/* End PBXFileReference section */

/* Begin PBXFrameworksBuildPhase section */
		7E15EB411CEEE54300EC1634 /* Frameworks */ = {
			isa = PBXFrameworksBuildPhase;
			buildActionMask = 2147483647;
			files = (
				7E15EB871CEF09FC00EC1634 /* libTLUIFoundation.a in Frameworks */,
				DD8C90EDCB82EAACD72F641F /* libPods-TLContrlPageTabStrip.a in Frameworks */,
			);
			runOnlyForDeploymentPostprocessing = 0;
		};
/* End PBXFrameworksBuildPhase section */

/* Begin PBXGroup section */
		2E27859B097AB83E6A45B481 /* Frameworks */ = {
			isa = PBXGroup;
			children = (
				7E15EB861CEF09FC00EC1634 /* libTLUIFoundation.a */,
				F368036B40730F20E466505E /* libPods-TLContrlPageTabStrip.a */,
			);
			name = Frameworks;
			sourceTree = "<group>";
		};
		7E15EB3B1CEEE54300EC1634 = {
			isa = PBXGroup;
			children = (
				7E15EB461CEEE54300EC1634 /* TLContrlPageTabStrip */,
				7E15EB451CEEE54300EC1634 /* Products */,
				8B04E45FF72A569981644F8A /* Pods */,
				2E27859B097AB83E6A45B481 /* Frameworks */,
			);
			sourceTree = "<group>";
		};
		7E15EB451CEEE54300EC1634 /* Products */ = {
			isa = PBXGroup;
			children = (
				7E15EB441CEEE54300EC1634 /* TLContrlPageTabStrip.app */,
			);
			name = Products;
			sourceTree = "<group>";
		};
		7E15EB461CEEE54300EC1634 /* TLContrlPageTabStrip */ = {
			isa = PBXGroup;
			children = (
				7E15EB4A1CEEE54300EC1634 /* AppDelegate.h */,
				7E15EB4B1CEEE54300EC1634 /* AppDelegate.m */,
				7E15EB4D1CEEE54300EC1634 /* RootViewController.h */,
				7E15EB4E1CEEE54300EC1634 /* RootViewController.m */,
				7E15EB531CEEE54300EC1634 /* Assets.xcassets */,
				7E15EB551CEEE54300EC1634 /* LaunchScreen.storyboard */,
				7E15EB581CEEE54300EC1634 /* Info.plist */,
				7E15EB471CEEE54300EC1634 /* Supporting Files */,
			);
			path = TLContrlPageTabStrip;
			sourceTree = "<group>";
		};
		7E15EB471CEEE54300EC1634 /* Supporting Files */ = {
			isa = PBXGroup;
			children = (
				7E15EB481CEEE54300EC1634 /* main.m */,
			);
			name = "Supporting Files";
			sourceTree = "<group>";
		};
		8B04E45FF72A569981644F8A /* Pods */ = {
			isa = PBXGroup;
			children = (
				6F85B7590939580CDAA13293 /* Pods-TLContrlPageTabStrip.debug.xcconfig */,
				F971A6899DDB1DF01E703FC4 /* Pods-TLContrlPageTabStrip.release.xcconfig */,
			);
			name = Pods;
			sourceTree = "<group>";
		};
/* End PBXGroup section */

/* Begin PBXNativeTarget section */
		7E15EB431CEEE54300EC1634 /* TLContrlPageTabStrip */ = {
			isa = PBXNativeTarget;
			buildConfigurationList = 7E15EB5B1CEEE54300EC1634 /* Build configuration list for PBXNativeTarget "TLContrlPageTabStrip" */;
			buildPhases = (
				E5972851D754CB9062137F3D /* 📦 Check Pods Manifest.lock */,
				7E15EB401CEEE54300EC1634 /* Sources */,
				7E15EB411CEEE54300EC1634 /* Frameworks */,
				7E15EB421CEEE54300EC1634 /* Resources */,
				1D6A265D90492E7A4CDD9A51 /* 📦 Embed Pods Frameworks */,
				1EDC482DA3BBDDB4D43A2783 /* 📦 Copy Pods Resources */,
			);
			buildRules = (
			);
			dependencies = (
			);
			name = TLContrlPageTabStrip;
			productName = TLContrlPageTabStrip;
			productReference = 7E15EB441CEEE54300EC1634 /* TLContrlPageTabStrip.app */;
			productType = "com.apple.product-type.application";
		};
/* End PBXNativeTarget section */

/* Begin PBXProject section */
		7E15EB3C1CEEE54300EC1634 /* Project object */ = {
			isa = PBXProject;
			attributes = {
				LastUpgradeCheck = 0730;
				ORGANIZATIONNAME = lichuanjun;
				TargetAttributes = {
					7E15EB431CEEE54300EC1634 = {
						CreatedOnToolsVersion = 7.3;
					};
				};
			};
			buildConfigurationList = 7E15EB3F1CEEE54300EC1634 /* Build configuration list for PBXProject "TLContrlPageTabStrip" */;
			compatibilityVersion = "Xcode 3.2";
			developmentRegion = English;
			hasScannedForEncodings = 0;
			knownRegions = (
				en,
				Base,
			);
			mainGroup = 7E15EB3B1CEEE54300EC1634;
			productRefGroup = 7E15EB451CEEE54300EC1634 /* Products */;
			projectDirPath = "";
			projectRoot = "";
			targets = (
				7E15EB431CEEE54300EC1634 /* TLContrlPageTabStrip */,
			);
		};
/* End PBXProject section */

/* Begin PBXResourcesBuildPhase section */
		7E15EB421CEEE54300EC1634 /* Resources */ = {
			isa = PBXResourcesBuildPhase;
			buildActionMask = 2147483647;
			files = (
				7E15EB571CEEE54300EC1634 /* LaunchScreen.storyboard in Resources */,
				7E15EB541CEEE54300EC1634 /* Assets.xcassets in Resources */,
			);
			runOnlyForDeploymentPostprocessing = 0;
		};
/* End PBXResourcesBuildPhase section */

/* Begin PBXShellScriptBuildPhase section */
		1D6A265D90492E7A4CDD9A51 /* 📦 Embed Pods Frameworks */ = {
			isa = PBXShellScriptBuildPhase;
			buildActionMask = 2147483647;
			files = (
			);
			inputPaths = (
			);
			name = "📦 Embed Pods Frameworks";
			outputPaths = (
			);
			runOnlyForDeploymentPostprocessing = 0;
			shellPath = /bin/sh;
			shellScript = "\"${SRCROOT}/../Pods/Target Support Files/Pods-TLContrlPageTabStrip/Pods-TLContrlPageTabStrip-frameworks.sh\"\n";
			showEnvVarsInLog = 0;
		};
		1EDC482DA3BBDDB4D43A2783 /* 📦 Copy Pods Resources */ = {
			isa = PBXShellScriptBuildPhase;
			buildActionMask = 2147483647;
			files = (
			);
			inputPaths = (
			);
			name = "📦 Copy Pods Resources";
			outputPaths = (
			);
			runOnlyForDeploymentPostprocessing = 0;
			shellPath = /bin/sh;
			shellScript = "\"${SRCROOT}/../Pods/Target Support Files/Pods-TLContrlPageTabStrip/Pods-TLContrlPageTabStrip-resources.sh\"\n";
			showEnvVarsInLog = 0;
		};
		E5972851D754CB9062137F3D /* 📦 Check Pods Manifest.lock */ = {
			isa = PBXShellScriptBuildPhase;
			buildActionMask = 2147483647;
			files = (
			);
			inputPaths = (
			);
			name = "📦 Check Pods Manifest.lock";
			outputPaths = (
			);
			runOnlyForDeploymentPostprocessing = 0;
			shellPath = /bin/sh;
			shellScript = "diff \"${PODS_ROOT}/../Podfile.lock\" \"${PODS_ROOT}/Manifest.lock\" > /dev/null\nif [[ $? != 0 ]] ; then\n    cat << EOM\nerror: The sandbox is not in sync with the Podfile.lock. Run 'pod install' or update your CocoaPods installation.\nEOM\n    exit 1\nfi\n";
			showEnvVarsInLog = 0;
		};
/* End PBXShellScriptBuildPhase section */

/* Begin PBXSourcesBuildPhase section */
		7E15EB401CEEE54300EC1634 /* Sources */ = {
			isa = PBXSourcesBuildPhase;
			buildActionMask = 2147483647;
			files = (
				7E15EB4F1CEEE54300EC1634 /* RootViewController.m in Sources */,
				7E15EB4C1CEEE54300EC1634 /* AppDelegate.m in Sources */,
				7E15EB491CEEE54300EC1634 /* main.m in Sources */,
			);
			runOnlyForDeploymentPostprocessing = 0;
		};
/* End PBXSourcesBuildPhase section */

/* Begin PBXVariantGroup section */
		7E15EB551CEEE54300EC1634 /* LaunchScreen.storyboard */ = {
			isa = PBXVariantGroup;
			children = (
				7E15EB561CEEE54300EC1634 /* Base */,
			);
			name = LaunchScreen.storyboard;
			sourceTree = "<group>";
		};
/* End PBXVariantGroup section */

/* Begin XCBuildConfiguration section */
		7E15EB591CEEE54300EC1634 /* Debug */ = {
			isa = XCBuildConfiguration;
			buildSettings = {
				ALWAYS_SEARCH_USER_PATHS = NO;
				CLANG_ANALYZER_NONNULL = YES;
				CLANG_CXX_LANGUAGE_STANDARD = "gnu++0x";
				CLANG_CXX_LIBRARY = "libc++";
				CLANG_ENABLE_MODULES = YES;
				CLANG_ENABLE_OBJC_ARC = YES;
				CLANG_WARN_BOOL_CONVERSION = YES;
				CLANG_WARN_CONSTANT_CONVERSION = YES;
				CLANG_WARN_DIRECT_OBJC_ISA_USAGE = YES_ERROR;
				CLANG_WARN_EMPTY_BODY = YES;
				CLANG_WARN_ENUM_CONVERSION = YES;
				CLANG_WARN_INT_CONVERSION = YES;
				CLANG_WARN_OBJC_ROOT_CLASS = YES_ERROR;
				CLANG_WARN_UNREACHABLE_CODE = YES;
				CLANG_WARN__DUPLICATE_METHOD_MATCH = YES;
				"CODE_SIGN_IDENTITY[sdk=iphoneos*]" = "iPhone Developer";
				COPY_PHASE_STRIP = NO;
				DEBUG_INFORMATION_FORMAT = dwarf;
				ENABLE_STRICT_OBJC_MSGSEND = YES;
				ENABLE_TESTABILITY = YES;
				GCC_C_LANGUAGE_STANDARD = gnu99;
				GCC_DYNAMIC_NO_PIC = NO;
				GCC_NO_COMMON_BLOCKS = YES;
				GCC_OPTIMIZATION_LEVEL = 0;
				GCC_PREPROCESSOR_DEFINITIONS = (
					"DEBUG=1",
					"$(inherited)",
				);
				GCC_WARN_64_TO_32_BIT_CONVERSION = YES;
				GCC_WARN_ABOUT_RETURN_TYPE = YES_ERROR;
				GCC_WARN_UNDECLARED_SELECTOR = YES;
				GCC_WARN_UNINITIALIZED_AUTOS = YES_AGGRESSIVE;
				GCC_WARN_UNUSED_FUNCTION = YES;
				GCC_WARN_UNUSED_VARIABLE = YES;
				IPHONEOS_DEPLOYMENT_TARGET = 7.0;
				MTL_ENABLE_DEBUG_INFO = YES;
				ONLY_ACTIVE_ARCH = YES;
				SDKROOT = iphoneos;
				TARGETED_DEVICE_FAMILY = "1,2";
			};
			name = Debug;
		};
		7E15EB5A1CEEE54300EC1634 /* Release */ = {
			isa = XCBuildConfiguration;
			buildSettings = {
				ALWAYS_SEARCH_USER_PATHS = NO;
				CLANG_ANALYZER_NONNULL = YES;
				CLANG_CXX_LANGUAGE_STANDARD = "gnu++0x";
				CLANG_CXX_LIBRARY = "libc++";
				CLANG_ENABLE_MODULES = YES;
				CLANG_ENABLE_OBJC_ARC = YES;
				CLANG_WARN_BOOL_CONVERSION = YES;
				CLANG_WARN_CONSTANT_CONVERSION = YES;
				CLANG_WARN_DIRECT_OBJC_ISA_USAGE = YES_ERROR;
				CLANG_WARN_EMPTY_BODY = YES;
				CLANG_WARN_ENUM_CONVERSION = YES;
				CLANG_WARN_INT_CONVERSION = YES;
				CLANG_WARN_OBJC_ROOT_CLASS = YES_ERROR;
				CLANG_WARN_UNREACHABLE_CODE = YES;
				CLANG_WARN__DUPLICATE_METHOD_MATCH = YES;
				"CODE_SIGN_IDENTITY[sdk=iphoneos*]" = "iPhone Developer";
				COPY_PHASE_STRIP = NO;
				DEBUG_INFORMATION_FORMAT = "dwarf-with-dsym";
				ENABLE_NS_ASSERTIONS = NO;
				ENABLE_STRICT_OBJC_MSGSEND = YES;
				GCC_C_LANGUAGE_STANDARD = gnu99;
				GCC_NO_COMMON_BLOCKS = YES;
				GCC_WARN_64_TO_32_BIT_CONVERSION = YES;
				GCC_WARN_ABOUT_RETURN_TYPE = YES_ERROR;
				GCC_WARN_UNDECLARED_SELECTOR = YES;
				GCC_WARN_UNINITIALIZED_AUTOS = YES_AGGRESSIVE;
				GCC_WARN_UNUSED_FUNCTION = YES;
				GCC_WARN_UNUSED_VARIABLE = YES;
				IPHONEOS_DEPLOYMENT_TARGET = 7.0;
				MTL_ENABLE_DEBUG_INFO = NO;
				SDKROOT = iphoneos;
				TARGETED_DEVICE_FAMILY = "1,2";
				VALIDATE_PRODUCT = YES;
			};
			name = Release;
		};
		7E15EB5C1CEEE54300EC1634 /* Debug */ = {
			isa = XCBuildConfiguration;
			baseConfigurationReference = 6F85B7590939580CDAA13293 /* Pods-TLContrlPageTabStrip.debug.xcconfig */;
			buildSettings = {
				ASSETCATALOG_COMPILER_APPICON_NAME = AppIcon;
				HEADER_SEARCH_PATHS = (
					"$(inherited)",
					"\"${PODS_ROOT}/Headers/Public\"",
					"\"${PODS_ROOT}/Headers/Public/DXPopover\"",
					"\"${PODS_ROOT}/Headers/Public/Masonry\"",
					"\"${PODS_ROOT}/Headers/Public/iCarousel\"",
					"\"$(SRCROOT)/../TLUIFoundation/TLUIFoundation\"",
				);
				INFOPLIST_FILE = TLContrlPageTabStrip/Info.plist;
				LD_RUNPATH_SEARCH_PATHS = "$(inherited) @executable_path/Frameworks";
				PRODUCT_BUNDLE_IDENTIFIER = com.niwodai.TLContrlPageTabStrip;
				PRODUCT_NAME = "$(TARGET_NAME)";
			};
			name = Debug;
		};
		7E15EB5D1CEEE54300EC1634 /* Release */ = {
			isa = XCBuildConfiguration;
			baseConfigurationReference = F971A6899DDB1DF01E703FC4 /* Pods-TLContrlPageTabStrip.release.xcconfig */;
			buildSettings = {
				ASSETCATALOG_COMPILER_APPICON_NAME = AppIcon;
				HEADER_SEARCH_PATHS = (
					"$(inherited)",
					"\"${PODS_ROOT}/Headers/Public\"",
					"\"${PODS_ROOT}/Headers/Public/DXPopover\"",
					"\"${PODS_ROOT}/Headers/Public/Masonry\"",
					"\"${PODS_ROOT}/Headers/Public/iCarousel\"",
					"\"$(SRCROOT)/../TLUIFoundation/TLUIFoundation\"",
				);
				INFOPLIST_FILE = TLContrlPageTabStrip/Info.plist;
				LD_RUNPATH_SEARCH_PATHS = "$(inherited) @executable_path/Frameworks";
				PRODUCT_BUNDLE_IDENTIFIER = com.niwodai.TLContrlPageTabStrip;
				PRODUCT_NAME = "$(TARGET_NAME)";
			};
			name = Release;
		};
/* End XCBuildConfiguration section */

/* Begin XCConfigurationList section */
		7E15EB3F1CEEE54300EC1634 /* Build configuration list for PBXProject "TLContrlPageTabStrip" */ = {
			isa = XCConfigurationList;
			buildConfigurations = (
				7E15EB591CEEE54300EC1634 /* Debug */,
				7E15EB5A1CEEE54300EC1634 /* Release */,
			);
			defaultConfigurationIsVisible = 0;
			defaultConfigurationName = Release;
		};
		7E15EB5B1CEEE54300EC1634 /* Build configuration list for PBXNativeTarget "TLContrlPageTabStrip" */ = {
			isa = XCConfigurationList;
			buildConfigurations = (
				7E15EB5C1CEEE54300EC1634 /* Debug */,
				7E15EB5D1CEEE54300EC1634 /* Release */,
			);
			defaultConfigurationIsVisible = 0;
			defaultConfigurationName = Release;
		};
/* End XCConfigurationList section */
	};
	rootObject = 7E15EB3C1CEEE54300EC1634 /* Project object */;
}
